
Microsoft Visual Studio Solution File, Format Version 12.00
# Visual Studio 15
Project("{FAE04EC0-301F-11D3-BF4B-00C04F79EFBC}") = "Meta.WitAi.Conduit", "Meta.WitAi.Conduit.csproj", "{233D2FCE-DA1D-3D8E-6FD7-90E6A0BA917A}"
EndProject
Project("{FAE04EC0-301F-11D3-BF4B-00C04F79EFBC}") = "Oculus.VR", "Oculus.VR.csproj", "{98C85900-2CE0-233D-AA10-08601EDF9C20}"
EndProject
Project("{FAE04EC0-301F-11D3-BF4B-00C04F79EFBC}") = "Oculus.Interaction", "Oculus.Interaction.csproj", "{44438EA5-A115-8C70-0C13-66DA1278A666}"
EndProject
Project("{FAE04EC0-301F-11D3-BF4B-00C04F79EFBC}") = "Oculus.Interaction.Editor", "Oculus.Interaction.Editor.csproj", "{0C6CE475-3A73-A9A2-70E1-B04EF4982863}"
EndProject
Project("{FAE04EC0-301F-11D3-BF4B-00C04F79EFBC}") = "Oculus.Platform", "Oculus.Platform.csproj", "{7BCEECED-4985-4A1C-79D8-B59B84292B51}"
EndProject
Project("{FAE04EC0-301F-11D3-BF4B-00C04F79EFBC}") = "VoiceSDK.Telemetry", "VoiceSDK.Telemetry.csproj", "{40A12B15-113E-F57F-29C3-99D60BB2A886}"
EndProject
Project("{FAE04EC0-301F-11D3-BF4B-00C04F79EFBC}") = "Assembly-CSharp", "Assembly-CSharp.csproj", "{0E8E33BA-CDDA-4F8F-A226-A74DCF816A07}"
EndProject
Project("{FAE04EC0-301F-11D3-BF4B-00C04F79EFBC}") = "Oculus.Interaction.OVR.Samples", "Oculus.Interaction.OVR.Samples.csproj", "{B320C958-03AD-C92C-ABCC-1B16C39866BC}"
EndProject
Project("{FAE04EC0-301F-11D3-BF4B-00C04F79EFBC}") = "Meta.WitAi.Lib", "Meta.WitAi.Lib.csproj", "{B2637AA7-BCF1-DE1F-3A88-3B35B0375B80}"
EndProject
Project("{FAE04EC0-301F-11D3-BF4B-00C04F79EFBC}") = "Meta.WitAi.Editor", "Meta.WitAi.Editor.csproj", "{ECDDBE5A-232A-6F43-8E6F-975F9ECABF6E}"
EndProject
Project("{FAE04EC0-301F-11D3-BF4B-00C04F79EFBC}") = "Meta.WitAi.Conduit.Editor", "Meta.WitAi.Conduit.Editor.csproj", "{D6FC39ED-CD17-7551-6284-61EB72D3DDDF}"
EndProject
Project("{FAE04EC0-301F-11D3-BF4B-00C04F79EFBC}") = "Meta.WitAi", "Meta.WitAi.csproj", "{4A803DE3-DEC8-C6C8-21EC-BE129FCC885F}"
EndProject
Project("{FAE04EC0-301F-11D3-BF4B-00C04F79EFBC}") = "Oculus.VR.Editor", "Oculus.VR.Editor.csproj", "{DBBB2EA3-5E99-81CF-3A70-B99A3A1AB0EB}"
EndProject
Project("{FAE04EC0-301F-11D3-BF4B-00C04F79EFBC}") = "Oculus.Interaction.OVR.Editor", "Oculus.Interaction.OVR.Editor.csproj", "{7C3AFA6F-BD59-08CE-332A-8D363D4C0AA2}"
EndProject
Project("{FAE04EC0-301F-11D3-BF4B-00C04F79EFBC}") = "Oculus.LipSync", "Oculus.LipSync.csproj", "{1B52D90B-4FDC-4050-3DFE-0C4399F93C77}"
EndProject
Project("{FAE04EC0-301F-11D3-BF4B-00C04F79EFBC}") = "Oculus.Interaction.OVR", "Oculus.Interaction.OVR.csproj", "{B4F33084-4740-80C1-74D9-6D8A0F8E83B5}"
EndProject
Project("{FAE04EC0-301F-11D3-BF4B-00C04F79EFBC}") = "VoiceSDK.Editor", "VoiceSDK.Editor.csproj", "{A618398E-8E19-4E62-CDA2-B988D7A4D4BB}"
EndProject
Project("{FAE04EC0-301F-11D3-BF4B-00C04F79EFBC}") = "Meta.WitAI.Lib.Editor", "Meta.WitAI.Lib.Editor.csproj", "{E200CE5A-BE36-845C-B5EC-E5710A0878CC}"
EndProject
Project("{FAE04EC0-301F-11D3-BF4B-00C04F79EFBC}") = "Oculus.AudioManager", "Oculus.AudioManager.csproj", "{A7CF3359-4BDA-2AB5-C42C-529742A4EB41}"
EndProject
Project("{FAE04EC0-301F-11D3-BF4B-00C04F79EFBC}") = "Unity.XR.Interaction.Toolkit.Samples.DeviceSimulator", "Unity.XR.Interaction.Toolkit.Samples.DeviceSimulator.csproj", "{F6F9CFBE-060E-29EA-35F0-FC0A03347C73}"
EndProject
Project("{FAE04EC0-301F-11D3-BF4B-00C04F79EFBC}") = "Meta.Voice.Samples.BuiltInTimer", "Meta.Voice.Samples.BuiltInTimer.csproj", "{071EFE26-6B30-4BBC-6DE7-E2E9880E32FD}"
EndProject
Project("{FAE04EC0-301F-11D3-BF4B-00C04F79EFBC}") = "Meta.XR.BuildingBlocks.Editor", "Meta.XR.BuildingBlocks.Editor.csproj", "{4D521485-8838-FF8C-7C40-51898BF33E27}"
EndProject
Project("{FAE04EC0-301F-11D3-BF4B-00C04F79EFBC}") = "Meta.Voice.VSDKHub.Editor", "Meta.Voice.VSDKHub.Editor.csproj", "{DD993A16-9F19-10AB-052B-8E1B0F420463}"
EndProject
Project("{FAE04EC0-301F-11D3-BF4B-00C04F79EFBC}") = "VoiceSDK.Dictation.Runtime", "VoiceSDK.Dictation.Runtime.csproj", "{47FD0D73-BBFE-7745-D3D9-32A71D8E0544}"
EndProject
Project("{FAE04EC0-301F-11D3-BF4B-00C04F79EFBC}") = "Meta.WitAi.TTS", "Meta.WitAi.TTS.csproj", "{10A905EA-99F5-5062-D0B9-B5935BDF876D}"
EndProject
Project("{FAE04EC0-301F-11D3-BF4B-00C04F79EFBC}") = "AssistantCoreSDKRuntime", "AssistantCoreSDKRuntime.csproj", "{113FE893-314A-2208-8A16-DFA580B84AB1}"
EndProject
Project("{FAE04EC0-301F-11D3-BF4B-00C04F79EFBC}") = "Assembly-CSharp-Editor", "Assembly-CSharp-Editor.csproj", "{6B342B64-7B6C-6BE0-C321-6F6C72B6F355}"
EndProject
Project("{FAE04EC0-301F-11D3-BF4B-00C04F79EFBC}") = "Meta.Voice.Samples.TTSVoices", "Meta.Voice.Samples.TTSVoices.csproj", "{C57C171D-936B-6AF3-2021-3B01EEE8B756}"
EndProject
Project("{FAE04EC0-301F-11D3-BF4B-00C04F79EFBC}") = "VoiceSDK.Runtime", "VoiceSDK.Runtime.csproj", "{146BDF72-5AA1-C134-42A3-613F49E5C70B}"
EndProject
Project("{FAE04EC0-301F-11D3-BF4B-00C04F79EFBC}") = "Oculus.VR.Scripts.Editor", "Oculus.VR.Scripts.Editor.csproj", "{15878397-1671-AFD1-C1B5-52D2557003E5}"
EndProject
Project("{FAE04EC0-301F-11D3-BF4B-00C04F79EFBC}") = "Meta.Voice.Samples.LightTraits", "Meta.Voice.Samples.LightTraits.csproj", "{7F0DE192-CE84-C90B-FFB3-87A803AE5CF8}"
EndProject
Project("{FAE04EC0-301F-11D3-BF4B-00C04F79EFBC}") = "Meta.Voice.Hub.Editor", "Meta.Voice.Hub.Editor.csproj", "{C98101DF-8360-D768-1C6D-EA8CD2472EB9}"
EndProject
Project("{FAE04EC0-301F-11D3-BF4B-00C04F79EFBC}") = "Oculus.Interaction.Samples.Editor", "Oculus.Interaction.Samples.Editor.csproj", "{C0E6CDB5-E738-A454-FB95-FA14C17CAE87}"
EndProject
Project("{FAE04EC0-301F-11D3-BF4B-00C04F79EFBC}") = "Meta.WitAi.TTS.Editor", "Meta.WitAi.TTS.Editor.csproj", "{72650AAE-013C-BEB0-DD41-064EA700D9F8}"
EndProject
Project("{FAE04EC0-301F-11D3-BF4B-00C04F79EFBC}") = "Meta.XR.BuildingBlocks", "Meta.XR.BuildingBlocks.csproj", "{E9ED91F5-2A49-6153-8512-014F31EAB3D9}"
EndProject
Project("{FAE04EC0-301F-11D3-BF4B-00C04F79EFBC}") = "Oculus.Platform.Editor", "Oculus.Platform.Editor.csproj", "{B17F4AE8-457B-9707-52D2-AA25BCC777D3}"
EndProject
Project("{FAE04EC0-301F-11D3-BF4B-00C04F79EFBC}") = "Facebook.Wit.Dictation", "Facebook.Wit.Dictation.csproj", "{C196FA54-52A4-BDEE-9BD4-8A1C555BF9D6}"
EndProject
Project("{FAE04EC0-301F-11D3-BF4B-00C04F79EFBC}") = "Oculus.Spatializer.Editor", "Oculus.Spatializer.Editor.csproj", "{94069A55-7E8A-7212-B4E3-5D51816C3C3F}"
EndProject
Project("{FAE04EC0-301F-11D3-BF4B-00C04F79EFBC}") = "Oculus.LipSync.Editor", "Oculus.LipSync.Editor.csproj", "{CE213BF2-0B9C-BB37-3BD5-6C337FB2C519}"
EndProject
Project("{FAE04EC0-301F-11D3-BF4B-00C04F79EFBC}") = "Oculus.AudioManager.Utils.Editor", "Oculus.AudioManager.Utils.Editor.csproj", "{1A745BCA-6276-C9C4-5D43-73B05F539537}"
EndProject
Project("{FAE04EC0-301F-11D3-BF4B-00C04F79EFBC}") = "Meta.VoiceSDK.Mic.Common", "Meta.VoiceSDK.Mic.Common.csproj", "{C4323150-CC29-8A31-6B99-1F347D28CB4D}"
EndProject
Project("{FAE04EC0-301F-11D3-BF4B-00C04F79EFBC}") = "Meta.Voice.Samples.ShapesConduit", "Meta.Voice.Samples.ShapesConduit.csproj", "{97D86CF5-E665-2D2A-B584-C2E2CFDF0A76}"
EndProject
Project("{FAE04EC0-301F-11D3-BF4B-00C04F79EFBC}") = "Unity.XR.Interaction.Toolkit.Samples.StarterAssets.Editor", "Unity.XR.Interaction.Toolkit.Samples.StarterAssets.Editor.csproj", "{E782D289-11B0-ACA5-48F3-2B27C9827CEC}"
EndProject
Project("{FAE04EC0-301F-11D3-BF4B-00C04F79EFBC}") = "Oculus.Spatializer", "Oculus.Spatializer.csproj", "{A368B51D-A28B-BDB1-6366-DC8E3E141905}"
EndProject
Project("{FAE04EC0-301F-11D3-BF4B-00C04F79EFBC}") = "Meta.VoiceSDK.Mic.Other", "Meta.VoiceSDK.Mic.Other.csproj", "{B0574670-4EEF-2F47-9D2E-ACF863E1F6A5}"
EndProject
Project("{FAE04EC0-301F-11D3-BF4B-00C04F79EFBC}") = "Oculus.Interaction.InterfaceSupport", "Oculus.Interaction.InterfaceSupport.csproj", "{4048E5E3-6E57-C4E4-3502-F87F3FF5ED69}"
EndProject
Project("{FAE04EC0-301F-11D3-BF4B-00C04F79EFBC}") = "Oculus.AudioManager.Audio.Editor", "Oculus.AudioManager.Audio.Editor.csproj", "{7B1C151B-57B1-B1D3-7E76-2B01AD4A47BC}"
EndProject
Project("{FAE04EC0-301F-11D3-BF4B-00C04F79EFBC}") = "Meta.Voice.Samples.LiveUnderstanding", "Meta.Voice.Samples.LiveUnderstanding.csproj", "{6A0002C0-6617-6FC2-1814-3EAC0D87B4FE}"
EndProject
Project("{FAE04EC0-301F-11D3-BF4B-00C04F79EFBC}") = "VoiceSDK.Dictation.Editor", "VoiceSDK.Dictation.Editor.csproj", "{3D3C53FF-61BA-37F1-2F3D-262DAC01E07E}"
EndProject
Project("{FAE04EC0-301F-11D3-BF4B-00C04F79EFBC}") = "AssistantCoreSDKEditor", "AssistantCoreSDKEditor.csproj", "{597710B0-F16D-0D6B-A191-2185301BE989}"
EndProject
Project("{FAE04EC0-301F-11D3-BF4B-00C04F79EFBC}") = "Unity.XR.Interaction.Toolkit.Samples.StarterAssets", "Unity.XR.Interaction.Toolkit.Samples.StarterAssets.csproj", "{28D1EA43-E1E6-3EDB-EF70-675A856E7685}"
EndProject
Project("{FAE04EC0-301F-11D3-BF4B-00C04F79EFBC}") = "Meta.VoiceSDK.Mic.WebGL", "Meta.VoiceSDK.Mic.WebGL.csproj", "{1383506A-57C4-90F3-2690-66A2F8BFC08C}"
EndProject
Project("{FAE04EC0-301F-11D3-BF4B-00C04F79EFBC}") = "Meta.Voice.Hub.Runtime", "Meta.Voice.Hub.Runtime.csproj", "{7485B470-A081-B9CC-0870-05E8E9FBB92A}"
EndProject
Project("{FAE04EC0-301F-11D3-BF4B-00C04F79EFBC}") = "Meta.Voice.Samples.Chess", "Meta.Voice.Samples.Chess.csproj", "{7ABAA815-B522-A703-02C1-74B586045E6C}"
EndProject
Project("{FAE04EC0-301F-11D3-BF4B-00C04F79EFBC}") = "Meta.Voice.Samples.Dictation", "Meta.Voice.Samples.Dictation.csproj", "{DAF45010-76E3-B022-DFC9-3EEEA4DB8F1E}"
EndProject
Project("{FAE04EC0-301F-11D3-BF4B-00C04F79EFBC}") = "Meta.Voice.Samples.Shapes", "Meta.Voice.Samples.Shapes.csproj", "{FD39A077-41C5-7EE6-76FC-14B073A8A2F6}"
EndProject
Project("{FAE04EC0-301F-11D3-BF4B-00C04F79EFBC}") = "MetaXrSimulator.Editor", "MetaXrSimulator.Editor.csproj", "{90C24C5B-C0F1-922F-A09B-0BC460915C4B}"
EndProject
Project("{FAE04EC0-301F-11D3-BF4B-00C04F79EFBC}") = "Facebook.Wit.Dictation.Editor", "Facebook.Wit.Dictation.Editor.csproj", "{DFB976E3-A492-0A47-D694-ACEB164435FB}"
EndProject
Global
	GlobalSection(SolutionConfigurationPlatforms) = preSolution
		Debug|Any CPU = Debug|Any CPU
		Release|Any CPU = Release|Any CPU
	EndGlobalSection
	GlobalSection(ProjectConfigurationPlatforms) = postSolution
		{233D2FCE-DA1D-3D8E-6FD7-90E6A0BA917A}.Debug|Any CPU.ActiveCfg = Debug|Any CPU
		{233D2FCE-DA1D-3D8E-6FD7-90E6A0BA917A}.Debug|Any CPU.Build.0 = Debug|Any CPU
		{233D2FCE-DA1D-3D8E-6FD7-90E6A0BA917A}.Release|Any CPU.ActiveCfg = Release|Any CPU
		{233D2FCE-DA1D-3D8E-6FD7-90E6A0BA917A}.Release|Any CPU.Build.0 = Release|Any CPU
		{98C85900-2CE0-233D-AA10-08601EDF9C20}.Debug|Any CPU.ActiveCfg = Debug|Any CPU
		{98C85900-2CE0-233D-AA10-08601EDF9C20}.Debug|Any CPU.Build.0 = Debug|Any CPU
		{98C85900-2CE0-233D-AA10-08601EDF9C20}.Release|Any CPU.ActiveCfg = Release|Any CPU
		{98C85900-2CE0-233D-AA10-08601EDF9C20}.Release|Any CPU.Build.0 = Release|Any CPU
		{44438EA5-A115-8C70-0C13-66DA1278A666}.Debug|Any CPU.ActiveCfg = Debug|Any CPU
		{44438EA5-A115-8C70-0C13-66DA1278A666}.Debug|Any CPU.Build.0 = Debug|Any CPU
		{44438EA5-A115-8C70-0C13-66DA1278A666}.Release|Any CPU.ActiveCfg = Release|Any CPU
		{44438EA5-A115-8C70-0C13-66DA1278A666}.Release|Any CPU.Build.0 = Release|Any CPU
		{0C6CE475-3A73-A9A2-70E1-B04EF4982863}.Debug|Any CPU.ActiveCfg = Debug|Any CPU
		{0C6CE475-3A73-A9A2-70E1-B04EF4982863}.Debug|Any CPU.Build.0 = Debug|Any CPU
		{0C6CE475-3A73-A9A2-70E1-B04EF4982863}.Release|Any CPU.ActiveCfg = Release|Any CPU
		{0C6CE475-3A73-A9A2-70E1-B04EF4982863}.Release|Any CPU.Build.0 = Release|Any CPU
		{7BCEECED-4985-4A1C-79D8-B59B84292B51}.Debug|Any CPU.ActiveCfg = Debug|Any CPU
		{7BCEECED-4985-4A1C-79D8-B59B84292B51}.Debug|Any CPU.Build.0 = Debug|Any CPU
		{7BCEECED-4985-4A1C-79D8-B59B84292B51}.Release|Any CPU.ActiveCfg = Release|Any CPU
		{7BCEECED-4985-4A1C-79D8-B59B84292B51}.Release|Any CPU.Build.0 = Release|Any CPU
		{40A12B15-113E-F57F-29C3-99D60BB2A886}.Debug|Any CPU.ActiveCfg = Debug|Any CPU
		{40A12B15-113E-F57F-29C3-99D60BB2A886}.Debug|Any CPU.Build.0 = Debug|Any CPU
		{40A12B15-113E-F57F-29C3-99D60BB2A886}.Release|Any CPU.ActiveCfg = Release|Any CPU
		{40A12B15-113E-F57F-29C3-99D60BB2A886}.Release|Any CPU.Build.0 = Release|Any CPU
		{0E8E33BA-CDDA-4F8F-A226-A74DCF816A07}.Debug|Any CPU.ActiveCfg = Debug|Any CPU
		{0E8E33BA-CDDA-4F8F-A226-A74DCF816A07}.Debug|Any CPU.Build.0 = Debug|Any CPU
		{0E8E33BA-CDDA-4F8F-A226-A74DCF816A07}.Release|Any CPU.ActiveCfg = Release|Any CPU
		{0E8E33BA-CDDA-4F8F-A226-A74DCF816A07}.Release|Any CPU.Build.0 = Release|Any CPU
		{B320C958-03AD-C92C-ABCC-1B16C39866BC}.Debug|Any CPU.ActiveCfg = Debug|Any CPU
		{B320C958-03AD-C92C-ABCC-1B16C39866BC}.Debug|Any CPU.Build.0 = Debug|Any CPU
		{B320C958-03AD-C92C-ABCC-1B16C39866BC}.Release|Any CPU.ActiveCfg = Release|Any CPU
		{B320C958-03AD-C92C-ABCC-1B16C39866BC}.Release|Any CPU.Build.0 = Release|Any CPU
		{B2637AA7-BCF1-DE1F-3A88-3B35B0375B80}.Debug|Any CPU.ActiveCfg = Debug|Any CPU
		{B2637AA7-BCF1-DE1F-3A88-3B35B0375B80}.Debug|Any CPU.Build.0 = Debug|Any CPU
		{B2637AA7-BCF1-DE1F-3A88-3B35B0375B80}.Release|Any CPU.ActiveCfg = Release|Any CPU
		{B2637AA7-BCF1-DE1F-3A88-3B35B0375B80}.Release|Any CPU.Build.0 = Release|Any CPU
		{ECDDBE5A-232A-6F43-8E6F-975F9ECABF6E}.Debug|Any CPU.ActiveCfg = Debug|Any CPU
		{ECDDBE5A-232A-6F43-8E6F-975F9ECABF6E}.Debug|Any CPU.Build.0 = Debug|Any CPU
		{ECDDBE5A-232A-6F43-8E6F-975F9ECABF6E}.Release|Any CPU.ActiveCfg = Release|Any CPU
		{ECDDBE5A-232A-6F43-8E6F-975F9ECABF6E}.Release|Any CPU.Build.0 = Release|Any CPU
		{D6FC39ED-CD17-7551-6284-61EB72D3DDDF}.Debug|Any CPU.ActiveCfg = Debug|Any CPU
		{D6FC39ED-CD17-7551-6284-61EB72D3DDDF}.Debug|Any CPU.Build.0 = Debug|Any CPU
		{D6FC39ED-CD17-7551-6284-61EB72D3DDDF}.Release|Any CPU.ActiveCfg = Release|Any CPU
		{D6FC39ED-CD17-7551-6284-61EB72D3DDDF}.Release|Any CPU.Build.0 = Release|Any CPU
		{4A803DE3-DEC8-C6C8-21EC-BE129FCC885F}.Debug|Any CPU.ActiveCfg = Debug|Any CPU
		{4A803DE3-DEC8-C6C8-21EC-BE129FCC885F}.Debug|Any CPU.Build.0 = Debug|Any CPU
		{4A803DE3-DEC8-C6C8-21EC-BE129FCC885F}.Release|Any CPU.ActiveCfg = Release|Any CPU
		{4A803DE3-DEC8-C6C8-21EC-BE129FCC885F}.Release|Any CPU.Build.0 = Release|Any CPU
		{DBBB2EA3-5E99-81CF-3A70-B99A3A1AB0EB}.Debug|Any CPU.ActiveCfg = Debug|Any CPU
		{DBBB2EA3-5E99-81CF-3A70-B99A3A1AB0EB}.Debug|Any CPU.Build.0 = Debug|Any CPU
		{DBBB2EA3-5E99-81CF-3A70-B99A3A1AB0EB}.Release|Any CPU.ActiveCfg = Release|Any CPU
		{DBBB2EA3-5E99-81CF-3A70-B99A3A1AB0EB}.Release|Any CPU.Build.0 = Release|Any CPU
		{7C3AFA6F-BD59-08CE-332A-8D363D4C0AA2}.Debug|Any CPU.ActiveCfg = Debug|Any CPU
		{7C3AFA6F-BD59-08CE-332A-8D363D4C0AA2}.Debug|Any CPU.Build.0 = Debug|Any CPU
		{7C3AFA6F-BD59-08CE-332A-8D363D4C0AA2}.Release|Any CPU.ActiveCfg = Release|Any CPU
		{7C3AFA6F-BD59-08CE-332A-8D363D4C0AA2}.Release|Any CPU.Build.0 = Release|Any CPU
		{1B52D90B-4FDC-4050-3DFE-0C4399F93C77}.Debug|Any CPU.ActiveCfg = Debug|Any CPU
		{1B52D90B-4FDC-4050-3DFE-0C4399F93C77}.Debug|Any CPU.Build.0 = Debug|Any CPU
		{1B52D90B-4FDC-4050-3DFE-0C4399F93C77}.Release|Any CPU.ActiveCfg = Release|Any CPU
		{1B52D90B-4FDC-4050-3DFE-0C4399F93C77}.Release|Any CPU.Build.0 = Release|Any CPU
		{B4F33084-4740-80C1-74D9-6D8A0F8E83B5}.Debug|Any CPU.ActiveCfg = Debug|Any CPU
		{B4F33084-4740-80C1-74D9-6D8A0F8E83B5}.Debug|Any CPU.Build.0 = Debug|Any CPU
		{B4F33084-4740-80C1-74D9-6D8A0F8E83B5}.Release|Any CPU.ActiveCfg = Release|Any CPU
		{B4F33084-4740-80C1-74D9-6D8A0F8E83B5}.Release|Any CPU.Build.0 = Release|Any CPU
		{A618398E-8E19-4E62-CDA2-B988D7A4D4BB}.Debug|Any CPU.ActiveCfg = Debug|Any CPU
		{A618398E-8E19-4E62-CDA2-B988D7A4D4BB}.Debug|Any CPU.Build.0 = Debug|Any CPU
		{A618398E-8E19-4E62-CDA2-B988D7A4D4BB}.Release|Any CPU.ActiveCfg = Release|Any CPU
		{A618398E-8E19-4E62-CDA2-B988D7A4D4BB}.Release|Any CPU.Build.0 = Release|Any CPU
		{E200CE5A-BE36-845C-B5EC-E5710A0878CC}.Debug|Any CPU.ActiveCfg = Debug|Any CPU
		{E200CE5A-BE36-845C-B5EC-E5710A0878CC}.Debug|Any CPU.Build.0 = Debug|Any CPU
		{E200CE5A-BE36-845C-B5EC-E5710A0878CC}.Release|Any CPU.ActiveCfg = Release|Any CPU
		{E200CE5A-BE36-845C-B5EC-E5710A0878CC}.Release|Any CPU.Build.0 = Release|Any CPU
		{A7CF3359-4BDA-2AB5-C42C-529742A4EB41}.Debug|Any CPU.ActiveCfg = Debug|Any CPU
		{A7CF3359-4BDA-2AB5-C42C-529742A4EB41}.Debug|Any CPU.Build.0 = Debug|Any CPU
		{A7CF3359-4BDA-2AB5-C42C-529742A4EB41}.Release|Any CPU.ActiveCfg = Release|Any CPU
		{A7CF3359-4BDA-2AB5-C42C-529742A4EB41}.Release|Any CPU.Build.0 = Release|Any CPU
		{F6F9CFBE-060E-29EA-35F0-FC0A03347C73}.Debug|Any CPU.ActiveCfg = Debug|Any CPU
		{F6F9CFBE-060E-29EA-35F0-FC0A03347C73}.Debug|Any CPU.Build.0 = Debug|Any CPU
		{F6F9CFBE-060E-29EA-35F0-FC0A03347C73}.Release|Any CPU.ActiveCfg = Release|Any CPU
		{F6F9CFBE-060E-29EA-35F0-FC0A03347C73}.Release|Any CPU.Build.0 = Release|Any CPU
		{071EFE26-6B30-4BBC-6DE7-E2E9880E32FD}.Debug|Any CPU.ActiveCfg = Debug|Any CPU
		{071EFE26-6B30-4BBC-6DE7-E2E9880E32FD}.Debug|Any CPU.Build.0 = Debug|Any CPU
		{071EFE26-6B30-4BBC-6DE7-E2E9880E32FD}.Release|Any CPU.ActiveCfg = Release|Any CPU
		{071EFE26-6B30-4BBC-6DE7-E2E9880E32FD}.Release|Any CPU.Build.0 = Release|Any CPU
		{4D521485-8838-FF8C-7C40-51898BF33E27}.Debug|Any CPU.ActiveCfg = Debug|Any CPU
		{4D521485-8838-FF8C-7C40-51898BF33E27}.Debug|Any CPU.Build.0 = Debug|Any CPU
		{4D521485-8838-FF8C-7C40-51898BF33E27}.Release|Any CPU.ActiveCfg = Release|Any CPU
		{4D521485-8838-FF8C-7C40-51898BF33E27}.Release|Any CPU.Build.0 = Release|Any CPU
		{DD993A16-9F19-10AB-052B-8E1B0F420463}.Debug|Any CPU.ActiveCfg = Debug|Any CPU
		{DD993A16-9F19-10AB-052B-8E1B0F420463}.Debug|Any CPU.Build.0 = Debug|Any CPU
		{DD993A16-9F19-10AB-052B-8E1B0F420463}.Release|Any CPU.ActiveCfg = Release|Any CPU
		{DD993A16-9F19-10AB-052B-8E1B0F420463}.Release|Any CPU.Build.0 = Release|Any CPU
		{47FD0D73-BBFE-7745-D3D9-32A71D8E0544}.Debug|Any CPU.ActiveCfg = Debug|Any CPU
		{47FD0D73-BBFE-7745-D3D9-32A71D8E0544}.Debug|Any CPU.Build.0 = Debug|Any CPU
		{47FD0D73-BBFE-7745-D3D9-32A71D8E0544}.Release|Any CPU.ActiveCfg = Release|Any CPU
		{47FD0D73-BBFE-7745-D3D9-32A71D8E0544}.Release|Any CPU.Build.0 = Release|Any CPU
		{10A905EA-99F5-5062-D0B9-B5935BDF876D}.Debug|Any CPU.ActiveCfg = Debug|Any CPU
		{10A905EA-99F5-5062-D0B9-B5935BDF876D}.Debug|Any CPU.Build.0 = Debug|Any CPU
		{10A905EA-99F5-5062-D0B9-B5935BDF876D}.Release|Any CPU.ActiveCfg = Release|Any CPU
		{10A905EA-99F5-5062-D0B9-B5935BDF876D}.Release|Any CPU.Build.0 = Release|Any CPU
		{113FE893-314A-2208-8A16-DFA580B84AB1}.Debug|Any CPU.ActiveCfg = Debug|Any CPU
		{113FE893-314A-2208-8A16-DFA580B84AB1}.Debug|Any CPU.Build.0 = Debug|Any CPU
		{113FE893-314A-2208-8A16-DFA580B84AB1}.Release|Any CPU.ActiveCfg = Release|Any CPU
		{113FE893-314A-2208-8A16-DFA580B84AB1}.Release|Any CPU.Build.0 = Release|Any CPU
		{6B342B64-7B6C-6BE0-C321-6F6C72B6F355}.Debug|Any CPU.ActiveCfg = Debug|Any CPU
		{6B342B64-7B6C-6BE0-C321-6F6C72B6F355}.Debug|Any CPU.Build.0 = Debug|Any CPU
		{6B342B64-7B6C-6BE0-C321-6F6C72B6F355}.Release|Any CPU.ActiveCfg = Release|Any CPU
		{6B342B64-7B6C-6BE0-C321-6F6C72B6F355}.Release|Any CPU.Build.0 = Release|Any CPU
		{C57C171D-936B-6AF3-2021-3B01EEE8B756}.Debug|Any CPU.ActiveCfg = Debug|Any CPU
		{C57C171D-936B-6AF3-2021-3B01EEE8B756}.Debug|Any CPU.Build.0 = Debug|Any CPU
		{C57C171D-936B-6AF3-2021-3B01EEE8B756}.Release|Any CPU.ActiveCfg = Release|Any CPU
		{C57C171D-936B-6AF3-2021-3B01EEE8B756}.Release|Any CPU.Build.0 = Release|Any CPU
		{146BDF72-5AA1-C134-42A3-613F49E5C70B}.Debug|Any CPU.ActiveCfg = Debug|Any CPU
		{146BDF72-5AA1-C134-42A3-613F49E5C70B}.Debug|Any CPU.Build.0 = Debug|Any CPU
		{146BDF72-5AA1-C134-42A3-613F49E5C70B}.Release|Any CPU.ActiveCfg = Release|Any CPU
		{146BDF72-5AA1-C134-42A3-613F49E5C70B}.Release|Any CPU.Build.0 = Release|Any CPU
		{15878397-1671-AFD1-C1B5-52D2557003E5}.Debug|Any CPU.ActiveCfg = Debug|Any CPU
		{15878397-1671-AFD1-C1B5-52D2557003E5}.Debug|Any CPU.Build.0 = Debug|Any CPU
		{15878397-1671-AFD1-C1B5-52D2557003E5}.Release|Any CPU.ActiveCfg = Release|Any CPU
		{15878397-1671-AFD1-C1B5-52D2557003E5}.Release|Any CPU.Build.0 = Release|Any CPU
		{7F0DE192-CE84-C90B-FFB3-87A803AE5CF8}.Debug|Any CPU.ActiveCfg = Debug|Any CPU
		{7F0DE192-CE84-C90B-FFB3-87A803AE5CF8}.Debug|Any CPU.Build.0 = Debug|Any CPU
		{7F0DE192-CE84-C90B-FFB3-87A803AE5CF8}.Release|Any CPU.ActiveCfg = Release|Any CPU
		{7F0DE192-CE84-C90B-FFB3-87A803AE5CF8}.Release|Any CPU.Build.0 = Release|Any CPU
		{C98101DF-8360-D768-1C6D-EA8CD2472EB9}.Debug|Any CPU.ActiveCfg = Debug|Any CPU
		{C98101DF-8360-D768-1C6D-EA8CD2472EB9}.Debug|Any CPU.Build.0 = Debug|Any CPU
		{C98101DF-8360-D768-1C6D-EA8CD2472EB9}.Release|Any CPU.ActiveCfg = Release|Any CPU
		{C98101DF-8360-D768-1C6D-EA8CD2472EB9}.Release|Any CPU.Build.0 = Release|Any CPU
		{C0E6CDB5-E738-A454-FB95-FA14C17CAE87}.Debug|Any CPU.ActiveCfg = Debug|Any CPU
		{C0E6CDB5-E738-A454-FB95-FA14C17CAE87}.Debug|Any CPU.Build.0 = Debug|Any CPU
		{C0E6CDB5-E738-A454-FB95-FA14C17CAE87}.Release|Any CPU.ActiveCfg = Release|Any CPU
		{C0E6CDB5-E738-A454-FB95-FA14C17CAE87}.Release|Any CPU.Build.0 = Release|Any CPU
		{72650AAE-013C-BEB0-DD41-064EA700D9F8}.Debug|Any CPU.ActiveCfg = Debug|Any CPU
		{72650AAE-013C-BEB0-DD41-064EA700D9F8}.Debug|Any CPU.Build.0 = Debug|Any CPU
		{72650AAE-013C-BEB0-DD41-064EA700D9F8}.Release|Any CPU.ActiveCfg = Release|Any CPU
		{72650AAE-013C-BEB0-DD41-064EA700D9F8}.Release|Any CPU.Build.0 = Release|Any CPU
		{E9ED91F5-2A49-6153-8512-014F31EAB3D9}.Debug|Any CPU.ActiveCfg = Debug|Any CPU
		{E9ED91F5-2A49-6153-8512-014F31EAB3D9}.Debug|Any CPU.Build.0 = Debug|Any CPU
		{E9ED91F5-2A49-6153-8512-014F31EAB3D9}.Release|Any CPU.ActiveCfg = Release|Any CPU
		{E9ED91F5-2A49-6153-8512-014F31EAB3D9}.Release|Any CPU.Build.0 = Release|Any CPU
		{B17F4AE8-457B-9707-52D2-AA25BCC777D3}.Debug|Any CPU.ActiveCfg = Debug|Any CPU
		{B17F4AE8-457B-9707-52D2-AA25BCC777D3}.Debug|Any CPU.Build.0 = Debug|Any CPU
		{B17F4AE8-457B-9707-52D2-AA25BCC777D3}.Release|Any CPU.ActiveCfg = Release|Any CPU
		{B17F4AE8-457B-9707-52D2-AA25BCC777D3}.Release|Any CPU.Build.0 = Release|Any CPU
		{C196FA54-52A4-BDEE-9BD4-8A1C555BF9D6}.Debug|Any CPU.ActiveCfg = Debug|Any CPU
		{C196FA54-52A4-BDEE-9BD4-8A1C555BF9D6}.Debug|Any CPU.Build.0 = Debug|Any CPU
		{C196FA54-52A4-BDEE-9BD4-8A1C555BF9D6}.Release|Any CPU.ActiveCfg = Release|Any CPU
		{C196FA54-52A4-BDEE-9BD4-8A1C555BF9D6}.Release|Any CPU.Build.0 = Release|Any CPU
		{94069A55-7E8A-7212-B4E3-5D51816C3C3F}.Debug|Any CPU.ActiveCfg = Debug|Any CPU
		{94069A55-7E8A-7212-B4E3-5D51816C3C3F}.Debug|Any CPU.Build.0 = Debug|Any CPU
		{94069A55-7E8A-7212-B4E3-5D51816C3C3F}.Release|Any CPU.ActiveCfg = Release|Any CPU
		{94069A55-7E8A-7212-B4E3-5D51816C3C3F}.Release|Any CPU.Build.0 = Release|Any CPU
		{CE213BF2-0B9C-BB37-3BD5-6C337FB2C519}.Debug|Any CPU.ActiveCfg = Debug|Any CPU
		{CE213BF2-0B9C-BB37-3BD5-6C337FB2C519}.Debug|Any CPU.Build.0 = Debug|Any CPU
		{CE213BF2-0B9C-BB37-3BD5-6C337FB2C519}.Release|Any CPU.ActiveCfg = Release|Any CPU
		{CE213BF2-0B9C-BB37-3BD5-6C337FB2C519}.Release|Any CPU.Build.0 = Release|Any CPU
		{1A745BCA-6276-C9C4-5D43-73B05F539537}.Debug|Any CPU.ActiveCfg = Debug|Any CPU
		{1A745BCA-6276-C9C4-5D43-73B05F539537}.Debug|Any CPU.Build.0 = Debug|Any CPU
		{1A745BCA-6276-C9C4-5D43-73B05F539537}.Release|Any CPU.ActiveCfg = Release|Any CPU
		{1A745BCA-6276-C9C4-5D43-73B05F539537}.Release|Any CPU.Build.0 = Release|Any CPU
		{C4323150-CC29-8A31-6B99-1F347D28CB4D}.Debug|Any CPU.ActiveCfg = Debug|Any CPU
		{C4323150-CC29-8A31-6B99-1F347D28CB4D}.Debug|Any CPU.Build.0 = Debug|Any CPU
		{C4323150-CC29-8A31-6B99-1F347D28CB4D}.Release|Any CPU.ActiveCfg = Release|Any CPU
		{C4323150-CC29-8A31-6B99-1F347D28CB4D}.Release|Any CPU.Build.0 = Release|Any CPU
		{97D86CF5-E665-2D2A-B584-C2E2CFDF0A76}.Debug|Any CPU.ActiveCfg = Debug|Any CPU
		{97D86CF5-E665-2D2A-B584-C2E2CFDF0A76}.Debug|Any CPU.Build.0 = Debug|Any CPU
		{97D86CF5-E665-2D2A-B584-C2E2CFDF0A76}.Release|Any CPU.ActiveCfg = Release|Any CPU
		{97D86CF5-E665-2D2A-B584-C2E2CFDF0A76}.Release|Any CPU.Build.0 = Release|Any CPU
		{E782D289-11B0-ACA5-48F3-2B27C9827CEC}.Debug|Any CPU.ActiveCfg = Debug|Any CPU
		{E782D289-11B0-ACA5-48F3-2B27C9827CEC}.Debug|Any CPU.Build.0 = Debug|Any CPU
		{E782D289-11B0-ACA5-48F3-2B27C9827CEC}.Release|Any CPU.ActiveCfg = Release|Any CPU
		{E782D289-11B0-ACA5-48F3-2B27C9827CEC}.Release|Any CPU.Build.0 = Release|Any CPU
		{A368B51D-A28B-BDB1-6366-DC8E3E141905}.Debug|Any CPU.ActiveCfg = Debug|Any CPU
		{A368B51D-A28B-BDB1-6366-DC8E3E141905}.Debug|Any CPU.Build.0 = Debug|Any CPU
		{A368B51D-A28B-BDB1-6366-DC8E3E141905}.Release|Any CPU.ActiveCfg = Release|Any CPU
		{A368B51D-A28B-BDB1-6366-DC8E3E141905}.Release|Any CPU.Build.0 = Release|Any CPU
		{B0574670-4EEF-2F47-9D2E-ACF863E1F6A5}.Debug|Any CPU.ActiveCfg = Debug|Any CPU
		{B0574670-4EEF-2F47-9D2E-ACF863E1F6A5}.Debug|Any CPU.Build.0 = Debug|Any CPU
		{B0574670-4EEF-2F47-9D2E-ACF863E1F6A5}.Release|Any CPU.ActiveCfg = Release|Any CPU
		{B0574670-4EEF-2F47-9D2E-ACF863E1F6A5}.Release|Any CPU.Build.0 = Release|Any CPU
		{4048E5E3-6E57-C4E4-3502-F87F3FF5ED69}.Debug|Any CPU.ActiveCfg = Debug|Any CPU
		{4048E5E3-6E57-C4E4-3502-F87F3FF5ED69}.Debug|Any CPU.Build.0 = Debug|Any CPU
		{4048E5E3-6E57-C4E4-3502-F87F3FF5ED69}.Release|Any CPU.ActiveCfg = Release|Any CPU
		{4048E5E3-6E57-C4E4-3502-F87F3FF5ED69}.Release|Any CPU.Build.0 = Release|Any CPU
		{7B1C151B-57B1-B1D3-7E76-2B01AD4A47BC}.Debug|Any CPU.ActiveCfg = Debug|Any CPU
		{7B1C151B-57B1-B1D3-7E76-2B01AD4A47BC}.Debug|Any CPU.Build.0 = Debug|Any CPU
		{7B1C151B-57B1-B1D3-7E76-2B01AD4A47BC}.Release|Any CPU.ActiveCfg = Release|Any CPU
		{7B1C151B-57B1-B1D3-7E76-2B01AD4A47BC}.Release|Any CPU.Build.0 = Release|Any CPU
		{6A0002C0-6617-6FC2-1814-3EAC0D87B4FE}.Debug|Any CPU.ActiveCfg = Debug|Any CPU
		{6A0002C0-6617-6FC2-1814-3EAC0D87B4FE}.Debug|Any CPU.Build.0 = Debug|Any CPU
		{6A0002C0-6617-6FC2-1814-3EAC0D87B4FE}.Release|Any CPU.ActiveCfg = Release|Any CPU
		{6A0002C0-6617-6FC2-1814-3EAC0D87B4FE}.Release|Any CPU.Build.0 = Release|Any CPU
		{3D3C53FF-61BA-37F1-2F3D-262DAC01E07E}.Debug|Any CPU.ActiveCfg = Debug|Any CPU
		{3D3C53FF-61BA-37F1-2F3D-262DAC01E07E}.Debug|Any CPU.Build.0 = Debug|Any CPU
		{3D3C53FF-61BA-37F1-2F3D-262DAC01E07E}.Release|Any CPU.ActiveCfg = Release|Any CPU
		{3D3C53FF-61BA-37F1-2F3D-262DAC01E07E}.Release|Any CPU.Build.0 = Release|Any CPU
		{597710B0-F16D-0D6B-A191-2185301BE989}.Debug|Any CPU.ActiveCfg = Debug|Any CPU
		{597710B0-F16D-0D6B-A191-2185301BE989}.Debug|Any CPU.Build.0 = Debug|Any CPU
		{597710B0-F16D-0D6B-A191-2185301BE989}.Release|Any CPU.ActiveCfg = Release|Any CPU
		{597710B0-F16D-0D6B-A191-2185301BE989}.Release|Any CPU.Build.0 = Release|Any CPU
		{28D1EA43-E1E6-3EDB-EF70-675A856E7685}.Debug|Any CPU.ActiveCfg = Debug|Any CPU
		{28D1EA43-E1E6-3EDB-EF70-675A856E7685}.Debug|Any CPU.Build.0 = Debug|Any CPU
		{28D1EA43-E1E6-3EDB-EF70-675A856E7685}.Release|Any CPU.ActiveCfg = Release|Any CPU
		{28D1EA43-E1E6-3EDB-EF70-675A856E7685}.Release|Any CPU.Build.0 = Release|Any CPU
		{1383506A-57C4-90F3-2690-66A2F8BFC08C}.Debug|Any CPU.ActiveCfg = Debug|Any CPU
		{1383506A-57C4-90F3-2690-66A2F8BFC08C}.Debug|Any CPU.Build.0 = Debug|Any CPU
		{1383506A-57C4-90F3-2690-66A2F8BFC08C}.Release|Any CPU.ActiveCfg = Release|Any CPU
		{1383506A-57C4-90F3-2690-66A2F8BFC08C}.Release|Any CPU.Build.0 = Release|Any CPU
		{7485B470-A081-B9CC-0870-05E8E9FBB92A}.Debug|Any CPU.ActiveCfg = Debug|Any CPU
		{7485B470-A081-B9CC-0870-05E8E9FBB92A}.Debug|Any CPU.Build.0 = Debug|Any CPU
		{7485B470-A081-B9CC-0870-05E8E9FBB92A}.Release|Any CPU.ActiveCfg = Release|Any CPU
		{7485B470-A081-B9CC-0870-05E8E9FBB92A}.Release|Any CPU.Build.0 = Release|Any CPU
		{7ABAA815-B522-A703-02C1-74B586045E6C}.Debug|Any CPU.ActiveCfg = Debug|Any CPU
		{7ABAA815-B522-A703-02C1-74B586045E6C}.Debug|Any CPU.Build.0 = Debug|Any CPU
		{7ABAA815-B522-A703-02C1-74B586045E6C}.Release|Any CPU.ActiveCfg = Release|Any CPU
		{7ABAA815-B522-A703-02C1-74B586045E6C}.Release|Any CPU.Build.0 = Release|Any CPU
		{DAF45010-76E3-B022-DFC9-3EEEA4DB8F1E}.Debug|Any CPU.ActiveCfg = Debug|Any CPU
		{DAF45010-76E3-B022-DFC9-3EEEA4DB8F1E}.Debug|Any CPU.Build.0 = Debug|Any CPU
		{DAF45010-76E3-B022-DFC9-3EEEA4DB8F1E}.Release|Any CPU.ActiveCfg = Release|Any CPU
		{DAF45010-76E3-B022-DFC9-3EEEA4DB8F1E}.Release|Any CPU.Build.0 = Release|Any CPU
		{FD39A077-41C5-7EE6-76FC-14B073A8A2F6}.Debug|Any CPU.ActiveCfg = Debug|Any CPU
		{FD39A077-41C5-7EE6-76FC-14B073A8A2F6}.Debug|Any CPU.Build.0 = Debug|Any CPU
		{FD39A077-41C5-7EE6-76FC-14B073A8A2F6}.Release|Any CPU.ActiveCfg = Release|Any CPU
		{FD39A077-41C5-7EE6-76FC-14B073A8A2F6}.Release|Any CPU.Build.0 = Release|Any CPU
		{90C24C5B-C0F1-922F-A09B-0BC460915C4B}.Debug|Any CPU.ActiveCfg = Debug|Any CPU
		{90C24C5B-C0F1-922F-A09B-0BC460915C4B}.Debug|Any CPU.Build.0 = Debug|Any CPU
		{90C24C5B-C0F1-922F-A09B-0BC460915C4B}.Release|Any CPU.ActiveCfg = Release|Any CPU
		{90C24C5B-C0F1-922F-A09B-0BC460915C4B}.Release|Any CPU.Build.0 = Release|Any CPU
		{DFB976E3-A492-0A47-D694-ACEB164435FB}.Debug|Any CPU.ActiveCfg = Debug|Any CPU
		{DFB976E3-A492-0A47-D694-ACEB164435FB}.Debug|Any CPU.Build.0 = Debug|Any CPU
		{DFB976E3-A492-0A47-D694-ACEB164435FB}.Release|Any CPU.ActiveCfg = Release|Any CPU
		{DFB976E3-A492-0A47-D694-ACEB164435FB}.Release|Any CPU.Build.0 = Release|Any CPU
	EndGlobalSection
	GlobalSection(SolutionProperties) = preSolution
		HideSolutionNode = FALSE
	EndGlobalSection
EndGlobal
